// !$*UTF8*$!
{
	archiveVersion = 1;
	classes = {
	};
	objectVersion = 46;
	objects = {

/* Begin PBXBuildFile section */
		4C1D9F5C1DAF8E46001234C1 /* main.m in Sources */ = {isa = PBXBuildFile; fileRef = 4C1D9F5B1DAF8E46001234C1 /* main.m */; };
		4C1D9F5F1DAF8E46001234C1 /* AppDelegate.m in Sources */ = {isa = PBXBuildFile; fileRef = 4C1D9F5E1DAF8E46001234C1 /* AppDelegate.m */; };
		4C1D9F621DAF8E46001234C1 /* ViewController.m in Sources */ = {isa = PBXBuildFile; fileRef = 4C1D9F611DAF8E46001234C1 /* ViewController.m */; };
		4C1D9F651DAF8E46001234C1 /* Main.storyboard in Resources */ = {isa = PBXBuildFile; fileRef = 4C1D9F631DAF8E46001234C1 /* Main.storyboard */; };
		4C1D9F671DAF8E46001234C1 /* Assets.xcassets in Resources */ = {isa = PBXBuildFile; fileRef = 4C1D9F661DAF8E46001234C1 /* Assets.xcassets */; };
		4C1D9F6A1DAF8E46001234C1 /* LaunchScreen.storyboard in Resources */ = {isa = PBXBuildFile; fileRef = 4C1D9F681DAF8E46001234C1 /* LaunchScreen.storyboard */; };
		4C1D9F731DAF8E7C001234C1 /* RoundPointView.m in Sources */ = {isa = PBXBuildFile; fileRef = 4C1D9F721DAF8E7C001234C1 /* RoundPointView.m */; };
/* End PBXBuildFile section */

/* Begin PBXFileReference section */
		4C1D9F571DAF8E46001234C1 /* ES3_1_RoundPoint.app */ = {isa = PBXFileReference; explicitFileType = wrapper.application; includeInIndex = 0; path = ES3_1_RoundPoint.app; sourceTree = BUILT_PRODUCTS_DIR; };
		4C1D9F5B1DAF8E46001234C1 /* main.m */ = {isa = PBXFileReference; lastKnownFileType = sourcecode.c.objc; path = main.m; sourceTree = "<group>"; };
		4C1D9F5D1DAF8E46001234C1 /* AppDelegate.h */ = {isa = PBXFileReference; lastKnownFileType = sourcecode.c.h; path = AppDelegate.h; sourceTree = "<group>"; };
		4C1D9F5E1DAF8E46001234C1 /* AppDelegate.m */ = {isa = PBXFileReference; lastKnownFileType = sourcecode.c.objc; path = AppDelegate.m; sourceTree = "<group>"; };
		4C1D9F601DAF8E46001234C1 /* ViewController.h */ = {isa = PBXFileReference; lastKnownFileType = sourcecode.c.h; path = ViewController.h; sourceTree = "<group>"; };
		4C1D9F611DAF8E46001234C1 /* ViewController.m */ = {isa = PBXFileReference; lastKnownFileType = sourcecode.c.objc; path = ViewController.m; sourceTree = "<group>"; };
		4C1D9F641DAF8E46001234C1 /* Base */ = {isa = PBXFileReference; lastKnownFileType = file.storyboard; name = Base; path = Base.lproj/Main.storyboard; sourceTree = "<group>"; };
		4C1D9F661DAF8E46001234C1 /* Assets.xcassets */ = {isa = PBXFileReference; lastKnownFileType = folder.assetcatalog; path = Assets.xcassets; sourceTree = "<group>"; };
		4C1D9F691DAF8E46001234C1 /* Base */ = {isa = PBXFileReference; lastKnownFileType = file.storyboard; name = Base; path = Base.lproj/LaunchScreen.storyboard; sourceTree = "<group>"; };
		4C1D9F6B1DAF8E46001234C1 /* Info.plist */ = {isa = PBXFileReference; lastKnownFileType = text.plist.xml; path = Info.plist; sourceTree = "<group>"; };
		4C1D9F711DAF8E7C001234C1 /* RoundPointView.h */ = {isa = PBXFileReference; fileEncoding = 4; lastKnownFileType = sourcecode.c.h; path = RoundPointView.h; sourceTree = "<group>"; };
		4C1D9F721DAF8E7C001234C1 /* RoundPointView.m */ = {isa = PBXFileReference; fileEncoding = 4; lastKnownFileType = sourcecode.c.objc; path = RoundPointView.m; sourceTree = "<group>"; };
/* End PBXFileReference section */

/* Begin PBXFrameworksBuildPhase section */
		4C1D9F541DAF8E46001234C1 /* Frameworks */ = {
			isa = PBXFrameworksBuildPhase;
			buildActionMask = 2147483647;
			files = (
			);
			runOnlyForDeploymentPostprocessing = 0;
		};
/* End PBXFrameworksBuildPhase section */

/* Begin PBXGroup section */
		4C1D9F4E1DAF8E46001234C1 = {
			isa = PBXGroup;
			children = (
				4C1D9F591DAF8E46001234C1 /* ES3_1_RoundPoint */,
				4C1D9F581DAF8E46001234C1 /* Products */,
			);
			sourceTree = "<group>";
		};
		4C1D9F581DAF8E46001234C1 /* Products */ = {
			isa = PBXGroup;
			children = (
				4C1D9F571DAF8E46001234C1 /* ES3_1_RoundPoint.app */,
			);
			name = Products;
			sourceTree = "<group>";
		};
		4C1D9F591DAF8E46001234C1 /* ES3_1_RoundPoint */ = {
			isa = PBXGroup;
			children = (
				4C1D9F5D1DAF8E46001234C1 /* AppDelegate.h */,
				4C1D9F5E1DAF8E46001234C1 /* AppDelegate.m */,
				4C1D9F601DAF8E46001234C1 /* ViewController.h */,
				4C1D9F611DAF8E46001234C1 /* ViewController.m */,
				4C1D9F711DAF8E7C001234C1 /* RoundPointView.h */,
				4C1D9F721DAF8E7C001234C1 /* RoundPointView.m */,
				4C1D9F631DAF8E46001234C1 /* Main.storyboard */,
				4C1D9F661DAF8E46001234C1 /* Assets.xcassets */,
				4C1D9F681DAF8E46001234C1 /* LaunchScreen.storyboard */,
				4C1D9F6B1DAF8E46001234C1 /* Info.plist */,
				4C1D9F5A1DAF8E46001234C1 /* Supporting Files */,
			);
			path = ES3_1_RoundPoint;
			sourceTree = "<group>";
		};
		4C1D9F5A1DAF8E46001234C1 /* Supporting Files */ = {
			isa = PBXGroup;
			children = (
				4C1D9F5B1DAF8E46001234C1 /* main.m */,
			);
			name = "Supporting Files";
			sourceTree = "<group>";
		};
/* End PBXGroup section */

/* Begin PBXNativeTarget section */
		4C1D9F561DAF8E46001234C1 /* ES3_1_RoundPoint */ = {
			isa = PBXNativeTarget;
			buildConfigurationList = 4C1D9F6E1DAF8E46001234C1 /* Build configuration list for PBXNativeTarget "ES3_1_RoundPoint" */;
			buildPhases = (
				4C1D9F531DAF8E46001234C1 /* Sources */,
				4C1D9F541DAF8E46001234C1 /* Frameworks */,
				4C1D9F551DAF8E46001234C1 /* Resources */,
			);
			buildRules = (
			);
			dependencies = (
			);
			name = ES3_1_RoundPoint;
			productName = ES3_1_RoundPoint;
			productReference = 4C1D9F571DAF8E46001234C1 /* ES3_1_RoundPoint.app */;
			productType = "com.apple.product-type.application";
		};
/* End PBXNativeTarget section */

/* Begin PBXProject section */
		4C1D9F4F1DAF8E46001234C1 /* Project object */ = {
			isa = PBXProject;
			attributes = {
				LastUpgradeCheck = 0800;
				ORGANIZATIONNAME = jlai;
				TargetAttributes = {
					4C1D9F561DAF8E46001234C1 = {
						CreatedOnToolsVersion = 8.0;
						DevelopmentTeam = C65NGF4G9P;
						ProvisioningStyle = Automatic;
					};
				};
			};
			buildConfigurationList = 4C1D9F521DAF8E46001234C1 /* Build configuration list for PBXProject "ES3_1_RoundPoint" */;
			compatibilityVersion = "Xcode 3.2";
			developmentRegion = English;
			hasScannedForEncodings = 0;
			knownRegions = (
				en,
				Base,
			);
			mainGroup = 4C1D9F4E1DAF8E46001234C1;
			productRefGroup = 4C1D9F581DAF8E46001234C1 /* Products */;
			projectDirPath = "";
			projectRoot = "";
			targets = (
				4C1D9F561DAF8E46001234C1 /* ES3_1_RoundPoint */,
			);
		};
/* End PBXProject section */

/* Begin PBXResourcesBuildPhase section */
		4C1D9F551DAF8E46001234C1 /* Resources */ = {
			isa = PBXResourcesBuildPhase;
			buildActionMask = 2147483647;
			files = (
				4C1D9F6A1DAF8E46001234C1 /* LaunchScreen.storyboard in Resources */,
				4C1D9F671DAF8E46001234C1 /* Assets.xcassets in Resources */,
				4C1D9F651DAF8E46001234C1 /* Main.storyboard in Resources */,
			);
			runOnlyForDeploymentPostprocessing = 0;
		};
/* End PBXResourcesBuildPhase section */

/* Begin PBXSourcesBuildPhase section */
		4C1D9F531DAF8E46001234C1 /* Sources */ = {
			isa = PBXSourcesBuildPhase;
			buildActionMask = 2147483647;
			files = (
				4C1D9F731DAF8E7C001234C1 /* RoundPointView.m in Sources */,
				4C1D9F621DAF8E46001234C1 /* ViewController.m in Sources */,
				4C1D9F5F1DAF8E46001234C1 /* AppDelegate.m in Sources */,
				4C1D9F5C1DAF8E46001234C1 /* main.m in Sources */,
			);
			runOnlyForDeploymentPostprocessing = 0;
		};
/* End PBXSourcesBuildPhase section */

/* Begin PBXVariantGroup section */
		4C1D9F631DAF8E46001234C1 /* Main.storyboard */ = {
			isa = PBXVariantGroup;
			children = (
				4C1D9F641DAF8E46001234C1 /* Base */,
			);
			name = Main.storyboard;
			sourceTree = "<group>";
		};
		4C1D9F681DAF8E46001234C1 /* LaunchScreen.storyboard */ = {
			isa = PBXVariantGroup;
			children = (
				4C1D9F691DAF8E46001234C1 /* Base */,
			);
			name = LaunchScreen.storyboard;
			sourceTree = "<group>";
		};
/* End PBXVariantGroup section */

/* Begin XCBuildConfiguration section */
		4C1D9F6C1DAF8E46001234C1 /* Debug */ = {
			isa = XCBuildConfiguration;
			buildSettings = {
				ALWAYS_SEARCH_USER_PATHS = NO;
				CLANG_ANALYZER_NONNULL = YES;
				CLANG_CXX_LANGUAGE_STANDARD = "gnu++0x";
				CLANG_CXX_LIBRARY = "libc++";
				CLANG_ENABLE_MODULES = YES;
				CLANG_ENABLE_OBJC_ARC = YES;
				CLANG_WARN_BOOL_CONVERSION = YES;
				CLANG_WARN_CONSTANT_CONVERSION = YES;
				CLANG_WARN_DIRECT_OBJC_ISA_USAGE = YES_ERROR;
				CLANG_WARN_DOCUMENTATION_COMMENTS = YES;
				CLANG_WARN_EMPTY_BODY = YES;
				CLANG_WARN_ENUM_CONVERSION = YES;
				CLANG_WARN_INFINITE_RECURSION = YES;
				CLANG_WARN_INT_CONVERSION = YES;
				CLANG_WARN_OBJC_ROOT_CLASS = YES_ERROR;
				CLANG_WARN_SUSPICIOUS_MOVES = YES;
				CLANG_WARN_UNREACHABLE_CODE = YES;
				CLANG_WARN__DUPLICATE_METHOD_MATCH = YES;
				"CODE_SIGN_IDENTITY[sdk=iphoneos*]" = "iPhone Developer";
				COPY_PHASE_STRIP = NO;
				DEBUG_INFORMATION_FORMAT = dwarf;
				ENABLE_STRICT_OBJC_MSGSEND = YES;
				ENABLE_TESTABILITY = YES;
				GCC_C_LANGUAGE_STANDARD = gnu99;
				GCC_DYNAMIC_NO_PIC = NO;
				GCC_NO_COMMON_BLOCKS = YES;
				GCC_OPTIMIZATION_LEVEL = 0;
				GCC_PREPROCESSOR_DEFINITIONS = (
					"DEBUG=1",
					"$(inherited)",
				);
				GCC_WARN_64_TO_32_BIT_CONVERSION = YES;
				GCC_WARN_ABOUT_RETURN_TYPE = YES_ERROR;
				GCC_WARN_UNDECLARED_SELECTOR = YES;
				GCC_WARN_UNINITIALIZED_AUTOS = YES_AGGRESSIVE;
				GCC_WARN_UNUSED_FUNCTION = YES;
				GCC_WARN_UNUSED_VARIABLE = YES;
				IPHONEOS_DEPLOYMENT_TARGET = 10.0;
				MTL_ENABLE_DEBUG_INFO = YES;
				ONLY_ACTIVE_ARCH = YES;
				SDKROOT = iphoneos;
				TARGETED_DEVICE_FAMILY = "1,2";
			};
			name = Debug;
		};
		4C1D9F6D1DAF8E46001234C1 /* Release */ = {
			isa = XCBuildConfiguration;
			buildSettings = {
				ALWAYS_SEARCH_USER_PATHS = NO;
				CLANG_ANALYZER_NONNULL = YES;
				CLANG_CXX_LANGUAGE_STANDARD = "gnu++0x";
				CLANG_CXX_LIBRARY = "libc++";
				CLANG_ENABLE_MODULES = YES;
				CLANG_ENABLE_OBJC_ARC = YES;
				CLANG_WARN_BOOL_CONVERSION = YES;
				CLANG_WARN_CONSTANT_CONVERSION = YES;
				CLANG_WARN_DIRECT_OBJC_ISA_USAGE = YES_ERROR;
				CLANG_WARN_DOCUMENTATION_COMMENTS = YES;
				CLANG_WARN_EMPTY_BODY = YES;
				CLANG_WARN_ENUM_CONVERSION = YES;
				CLANG_WARN_INFINITE_RECURSION = YES;
				CLANG_WARN_INT_CONVERSION = YES;
				CLANG_WARN_OBJC_ROOT_CLASS = YES_ERROR;
				CLANG_WARN_SUSPICIOUS_MOVES = YES;
				CLANG_WARN_UNREACHABLE_CODE = YES;
				CLANG_WARN__DUPLICATE_METHOD_MATCH = YES;
				"CODE_SIGN_IDENTITY[sdk=iphoneos*]" = "iPhone Developer";
				COPY_PHASE_STRIP = NO;
				DEBUG_INFORMATION_FORMAT = "dwarf-with-dsym";
				ENABLE_NS_ASSERTIONS = NO;
				ENABLE_STRICT_OBJC_MSGSEND = YES;
				GCC_C_LANGUAGE_STANDARD = gnu99;
				GCC_NO_COMMON_BLOCKS = YES;
				GCC_WARN_64_TO_32_BIT_CONVERSION = YES;
				GCC_WARN_ABOUT_RETURN_TYPE = YES_ERROR;
				GCC_WARN_UNDECLARED_SELECTOR = YES;
				GCC_WARN_UNINITIALIZED_AUTOS = YES_AGGRESSIVE;
				GCC_WARN_UNUSED_FUNCTION = YES;
				GCC_WARN_UNUSED_VARIABLE = YES;
				IPHONEOS_DEPLOYMENT_TARGET = 10.0;
				MTL_ENABLE_DEBUG_INFO = NO;
				SDKROOT = iphoneos;
				TARGETED_DEVICE_FAMILY = "1,2";
				VALIDATE_PRODUCT = YES;
			};
			name = Release;
		};
		4C1D9F6F1DAF8E46001234C1 /* Debug */ = {
			isa = XCBuildConfiguration;
			buildSettings = {
				ASSETCATALOG_COMPILER_APPICON_NAME = AppIcon;
				DEVELOPMENT_TEAM = C65NGF4G9P;
				INFOPLIST_FILE = ES3_1_RoundPoint/Info.plist;
				LD_RUNPATH_SEARCH_PATHS = "$(inherited) @executable_path/Frameworks";
				PRODUCT_BUNDLE_IDENTIFIER = "io.github.michael-lfx.ES3-1-RoundPoint";
				PRODUCT_NAME = "$(TARGET_NAME)";
			};
			name = Debug;
		};
		4C1D9F701DAF8E46001234C1 /* Release */ = {
			isa = XCBuildConfiguration;
			buildSettings = {
				ASSETCATALOG_COMPILER_APPICON_NAME = AppIcon;
				DEVELOPMENT_TEAM = C65NGF4G9P;
				INFOPLIST_FILE = ES3_1_RoundPoint/Info.plist;
				LD_RUNPATH_SEARCH_PATHS = "$(inherited) @executable_path/Frameworks";
				PRODUCT_BUNDLE_IDENTIFIER = "io.github.michael-lfx.ES3-1-RoundPoint";
				PRODUCT_NAME = "$(TARGET_NAME)";
			};
			name = Release;
		};
/* End XCBuildConfiguration section */

/* Begin XCConfigurationList section */
		4C1D9F521DAF8E46001234C1 /* Build configuration list for PBXProject "ES3_1_RoundPoint" */ = {
			isa = XCConfigurationList;
			buildConfigurations = (
				4C1D9F6C1DAF8E46001234C1 /* Debug */,
				4C1D9F6D1DAF8E46001234C1 /* Release */,
			);
			defaultConfigurationIsVisible = 0;
			defaultConfigurationName = Release;
		};
		4C1D9F6E1DAF8E46001234C1 /* Build configuration list for PBXNativeTarget "ES3_1_RoundPoint" */ = {
			isa = XCConfigurationList;
			buildConfigurations = (
				4C1D9F6F1DAF8E46001234C1 /* Debug */,
				4C1D9F701DAF8E46001234C1 /* Release */,
			);
			defaultConfigurationIsVisible = 0;
		};
/* End XCConfigurationList section */
	};
	rootObject = 4C1D9F4F1DAF8E46001234C1 /* Project object */;
}
